
Microsoft Visual Studio Solution File, Format Version 12.00
# Visual Studio Version 17
VisualStudioVersion = 17.13.35825.156 d17.13
MinimumVisualStudioVersion = 10.0.40219.1
Project("{FAE04EC0-301F-11D3-BF4B-00C04F79EFBC}") = "PackBeast", "PackBeast.csproj", "{94236A92-A68F-F85E-B9E8-1C62DDB3CBFF}"
EndProject
Global
	GlobalSection(SolutionConfigurationPlatforms) = preSolution
		Debug|Any CPU = Debug|Any CPU
		Release|Any CPU = Release|Any CPU
	EndGlobalSection
	GlobalSection(ProjectConfigurationPlatforms) = postSolution
		{94236A92-A68F-F85E-B9E8-1C62DDB3CBFF}.Debug|Any CPU.ActiveCfg = Debug|Any CPU
		{94236A92-A68F-F85E-B9E8-1C62DDB3CBFF}.Debug|Any CPU.Build.0 = Debug|Any CPU
		{94236A92-A68F-F85E-B9E8-1C62DDB3CBFF}.Release|Any CPU.ActiveCfg = Release|Any CPU
		{94236A92-A68F-F85E-B9E8-1C62DDB3CBFF}.Release|Any CPU.Build.0 = Release|Any CPU
	EndGlobalSection
	GlobalSection(SolutionProperties) = preSolution
		HideSolutionNode = FALSE
	EndGlobalSection
	GlobalSection(ExtensibilityGlobals) = postSolution
		SolutionGuid = {8A910463-9496-4473-9A57-69C7C57B3DEB}
	EndGlobalSection
EndGlobal
